
Microsoft Visual Studio Solution File, Format Version 12.00
# Visual Studio Version 17
VisualStudioVersion = 17.11.35327.3
MinimumVisualStudioVersion = 10.0.40219.1
Project("{FAE04EC0-301F-11D3-BF4B-00C04F79EFBC}") = "Nacoes.Agendamentos.Domain", "Nacoes.Agendamentos.Domain\Nacoes.Agendamentos.Domain.csproj", "{CA710A68-E055-4B28-B1C3-75652FA3A28C}"
EndProject
Project("{FAE04EC0-301F-11D3-BF4B-00C04F79EFBC}") = "Nacoes.Agendamentos.Infra", "Nacoes.Agendamentos.Infra\Nacoes.Agendamentos.Infra.csproj", "{1D34C5C2-54C3-48EA-B333-62E5775718AF}"
EndProject
Project("{FAE04EC0-301F-11D3-BF4B-00C04F79EFBC}") = "Nacoes.Agendamentos.Application", "Nacoes.Agendamentos.Application\Nacoes.Agendamentos.Application.csproj", "{F20EED1F-7641-42FA-860B-073E55B7964B}"
EndProject
Project("{FAE04EC0-301F-11D3-BF4B-00C04F79EFBC}") = "Nacoes.Agendamentos.API", "Nacoes.Agendamentos.API\Nacoes.Agendamentos.API.csproj", "{B79844C4-3913-428E-BC08-1D62AB7C8802}"
EndProject
Project("{2150E333-8FDC-42A3-9474-1A3956D46DE8}") = "Solution Items", "Solution Items", "{8EC462FD-D22E-90A8-E5CE-7E832BA40C5D}"
	ProjectSection(SolutionItems) = preProject
		docker-compose.yml = docker-compose.yml
		Dockerfile.dockerfile = Dockerfile.dockerfile
	EndProjectSection
EndProject
Project("{FAE04EC0-301F-11D3-BF4B-00C04F79EFBC}") = "Nacoes.Agendamentos.ReadModels", "Nacoes.Agendamentos.ReadModels\Nacoes.Agendamentos.ReadModels.csproj", "{5BDFC966-FE40-49B6-8FF7-753FE920BC5E}"
EndProject
Global
	GlobalSection(SolutionConfigurationPlatforms) = preSolution
		Debug|Any CPU = Debug|Any CPU
		Release|Any CPU = Release|Any CPU
	EndGlobalSection
	GlobalSection(ProjectConfigurationPlatforms) = postSolution
		{CA710A68-E055-4B28-B1C3-75652FA3A28C}.Debug|Any CPU.ActiveCfg = Debug|Any CPU
		{CA710A68-E055-4B28-B1C3-75652FA3A28C}.Debug|Any CPU.Build.0 = Debug|Any CPU
		{CA710A68-E055-4B28-B1C3-75652FA3A28C}.Release|Any CPU.ActiveCfg = Release|Any CPU
		{CA710A68-E055-4B28-B1C3-75652FA3A28C}.Release|Any CPU.Build.0 = Release|Any CPU
		{1D34C5C2-54C3-48EA-B333-62E5775718AF}.Debug|Any CPU.ActiveCfg = Debug|Any CPU
		{1D34C5C2-54C3-48EA-B333-62E5775718AF}.Debug|Any CPU.Build.0 = Debug|Any CPU
		{1D34C5C2-54C3-48EA-B333-62E5775718AF}.Release|Any CPU.ActiveCfg = Release|Any CPU
		{1D34C5C2-54C3-48EA-B333-62E5775718AF}.Release|Any CPU.Build.0 = Release|Any CPU
		{F20EED1F-7641-42FA-860B-073E55B7964B}.Debug|Any CPU.ActiveCfg = Debug|Any CPU
		{F20EED1F-7641-42FA-860B-073E55B7964B}.Debug|Any CPU.Build.0 = Debug|Any CPU
		{F20EED1F-7641-42FA-860B-073E55B7964B}.Release|Any CPU.ActiveCfg = Release|Any CPU
		{F20EED1F-7641-42FA-860B-073E55B7964B}.Release|Any CPU.Build.0 = Release|Any CPU
		{B79844C4-3913-428E-BC08-1D62AB7C8802}.Debug|Any CPU.ActiveCfg = Debug|Any CPU
		{B79844C4-3913-428E-BC08-1D62AB7C8802}.Debug|Any CPU.Build.0 = Debug|Any CPU
		{B79844C4-3913-428E-BC08-1D62AB7C8802}.Release|Any CPU.ActiveCfg = Release|Any CPU
		{B79844C4-3913-428E-BC08-1D62AB7C8802}.Release|Any CPU.Build.0 = Release|Any CPU
		{5BDFC966-FE40-49B6-8FF7-753FE920BC5E}.Debug|Any CPU.ActiveCfg = Debug|Any CPU
		{5BDFC966-FE40-49B6-8FF7-753FE920BC5E}.Debug|Any CPU.Build.0 = Debug|Any CPU
		{5BDFC966-FE40-49B6-8FF7-753FE920BC5E}.Release|Any CPU.ActiveCfg = Release|Any CPU
		{5BDFC966-FE40-49B6-8FF7-753FE920BC5E}.Release|Any CPU.Build.0 = Release|Any CPU
	EndGlobalSection
	GlobalSection(SolutionProperties) = preSolution
		HideSolutionNode = FALSE
	EndGlobalSection
	GlobalSection(ExtensibilityGlobals) = postSolution
		SolutionGuid = {FBF35E6B-C994-412C-B680-41448D3E7845}
	EndGlobalSection
EndGlobal
